
Microsoft Visual Studio Solution File, Format Version 11.00
# Visual Studio 2010
Project("{8BC9CEB8-8B4A-11D0-8D11-00A0C91BC942}") = "cache", "cache\cache.vcxproj", "{B309C1FB-F3F5-4F41-ADDE-03C043BF3FCC}"
EndProject
Project("{8BC9CEB8-8B4A-11D0-8D11-00A0C91BC942}") = "cachetest", "cachetest\cachetest.vcxproj", "{787406C5-9955-4F53-ACB9-C71A8446C43A}"
EndProject
Global
	GlobalSection(SolutionConfigurationPlatforms) = preSolution
		Debug|Win32 = Debug|Win32
		Release|Win32 = Release|Win32
	EndGlobalSection
	GlobalSection(ProjectConfigurationPlatforms) = postSolution
		{B309C1FB-F3F5-4F41-ADDE-03C043BF3FCC}.Debug|Win32.ActiveCfg = Debug|Win32
		{B309C1FB-F3F5-4F41-ADDE-03C043BF3FCC}.Debug|Win32.Build.0 = Debug|Win32
		{B309C1FB-F3F5-4F41-ADDE-03C043BF3FCC}.Release|Win32.ActiveCfg = Release|Win32
		{B309C1FB-F3F5-4F41-ADDE-03C043BF3FCC}.Release|Win32.Build.0 = Release|Win32
		{787406C5-9955-4F53-ACB9-C71A8446C43A}.Debug|Win32.ActiveCfg = Debug|Win32
		{787406C5-9955-4F53-ACB9-C71A8446C43A}.Debug|Win32.Build.0 = Debug|Win32
		{787406C5-9955-4F53-ACB9-C71A8446C43A}.Release|Win32.ActiveCfg = Release|Win32
		{787406C5-9955-4F53-ACB9-C71A8446C43A}.Release|Win32.Build.0 = Release|Win32
	EndGlobalSection
	GlobalSection(SolutionProperties) = preSolution
		HideSolutionNode = FALSE
	EndGlobalSection
EndGlobal
